// !$*UTF8*$!
{
	archiveVersion = 1;
	classes = {
	};
	objectVersion = 46;
	objects = {

/* Begin PBXBuildFile section */
		ECAA05511B0254740043797D /* Location.m in Sources */ = {isa = PBXBuildFile; fileRef = ECAA05501B0254740043797D /* Location.m */; };
		ECD46C9A1B0244880014F13B /* main.m in Sources */ = {isa = PBXBuildFile; fileRef = ECD46C991B0244880014F13B /* main.m */; };
		ECD46C9D1B0244880014F13B /* AppDelegate.m in Sources */ = {isa = PBXBuildFile; fileRef = ECD46C9C1B0244880014F13B /* AppDelegate.m */; };
		ECD46CA01B0244880014F13B /* LocationList.xcdatamodeld in Sources */ = {isa = PBXBuildFile; fileRef = ECD46C9E1B0244880014F13B /* LocationList.xcdatamodeld */; };
		ECD46CA31B0244880014F13B /* LocationListVC.m in Sources */ = {isa = PBXBuildFile; fileRef = ECD46CA21B0244880014F13B /* LocationListVC.m */; };
		ECD46CA61B0244880014F13B /* Main.storyboard in Resources */ = {isa = PBXBuildFile; fileRef = ECD46CA41B0244880014F13B /* Main.storyboard */; };
		ECD46CA81B0244880014F13B /* Images.xcassets in Resources */ = {isa = PBXBuildFile; fileRef = ECD46CA71B0244880014F13B /* Images.xcassets */; };
		ECD46CAB1B0244880014F13B /* LaunchScreen.xib in Resources */ = {isa = PBXBuildFile; fileRef = ECD46CA91B0244880014F13B /* LaunchScreen.xib */; };
		ECD46CB71B02448E0014F13B /* LocationListTests.m in Sources */ = {isa = PBXBuildFile; fileRef = ECD46CB61B02448E0014F13B /* LocationListTests.m */; };
		ECD46CC51B0249E20014F13B /* LocationDetailVC.m in Sources */ = {isa = PBXBuildFile; fileRef = ECD46CC41B0249E20014F13B /* LocationDetailVC.m */; };
		ECD46CC71B024AAD0014F13B /* MapKit.framework in Frameworks */ = {isa = PBXBuildFile; fileRef = ECD46CC61B024AAD0014F13B /* MapKit.framework */; };
		ECD46CC91B024AB90014F13B /* CoreLocation.framework in Frameworks */ = {isa = PBXBuildFile; fileRef = ECD46CC81B024AB90014F13B /* CoreLocation.framework */; };
		ECD46CCC1B024BCF0014F13B /* AddLocationVC.m in Sources */ = {isa = PBXBuildFile; fileRef = ECD46CCB1B024BCF0014F13B /* AddLocationVC.m */; };
/* End PBXBuildFile section */

/* Begin PBXContainerItemProxy section */
		ECD46CB11B02448D0014F13B /* PBXContainerItemProxy */ = {
			isa = PBXContainerItemProxy;
			containerPortal = ECD46C8C1B0244860014F13B /* Project object */;
			proxyType = 1;
			remoteGlobalIDString = ECD46C931B0244870014F13B;
			remoteInfo = LocationList;
		};
/* End PBXContainerItemProxy section */

/* Begin PBXFileReference section */
		EC214BA31B025C7900E63E41 /* AddLocationDelegate.h */ = {isa = PBXFileReference; fileEncoding = 4; lastKnownFileType = sourcecode.c.h; path = AddLocationDelegate.h; sourceTree = "<group>"; };
		ECAA054F1B0254740043797D /* Location.h */ = {isa = PBXFileReference; fileEncoding = 4; lastKnownFileType = sourcecode.c.h; path = Location.h; sourceTree = "<group>"; };
		ECAA05501B0254740043797D /* Location.m */ = {isa = PBXFileReference; fileEncoding = 4; lastKnownFileType = sourcecode.c.objc; path = Location.m; sourceTree = "<group>"; };
		ECD46C941B0244870014F13B /* LocationList.app */ = {isa = PBXFileReference; explicitFileType = wrapper.application; includeInIndex = 0; path = LocationList.app; sourceTree = BUILT_PRODUCTS_DIR; };
		ECD46C981B0244880014F13B /* Info.plist */ = {isa = PBXFileReference; lastKnownFileType = text.plist.xml; path = Info.plist; sourceTree = "<group>"; };
		ECD46C991B0244880014F13B /* main.m */ = {isa = PBXFileReference; lastKnownFileType = sourcecode.c.objc; path = main.m; sourceTree = "<group>"; };
		ECD46C9B1B0244880014F13B /* AppDelegate.h */ = {isa = PBXFileReference; lastKnownFileType = sourcecode.c.h; path = AppDelegate.h; sourceTree = "<group>"; };
		ECD46C9C1B0244880014F13B /* AppDelegate.m */ = {isa = PBXFileReference; lastKnownFileType = sourcecode.c.objc; path = AppDelegate.m; sourceTree = "<group>"; };
		ECD46C9F1B0244880014F13B /* LocationList.xcdatamodel */ = {isa = PBXFileReference; lastKnownFileType = wrapper.xcdatamodel; path = LocationList.xcdatamodel; sourceTree = "<group>"; };
		ECD46CA11B0244880014F13B /* LocationListVC.h */ = {isa = PBXFileReference; lastKnownFileType = sourcecode.c.h; path = LocationListVC.h; sourceTree = "<group>"; };
		ECD46CA21B0244880014F13B /* LocationListVC.m */ = {isa = PBXFileReference; lastKnownFileType = sourcecode.c.objc; path = LocationListVC.m; sourceTree = "<group>"; };
		ECD46CA51B0244880014F13B /* Base */ = {isa = PBXFileReference; lastKnownFileType = file.storyboard; name = Base; path = Base.lproj/Main.storyboard; sourceTree = "<group>"; };
		ECD46CA71B0244880014F13B /* Images.xcassets */ = {isa = PBXFileReference; lastKnownFileType = folder.assetcatalog; path = Images.xcassets; sourceTree = "<group>"; };
		ECD46CAA1B0244880014F13B /* Base */ = {isa = PBXFileReference; lastKnownFileType = file.xib; name = Base; path = Base.lproj/LaunchScreen.xib; sourceTree = "<group>"; };
		ECD46CB01B02448D0014F13B /* LocationListTests.xctest */ = {isa = PBXFileReference; explicitFileType = wrapper.cfbundle; includeInIndex = 0; path = LocationListTests.xctest; sourceTree = BUILT_PRODUCTS_DIR; };
		ECD46CB51B02448D0014F13B /* Info.plist */ = {isa = PBXFileReference; lastKnownFileType = text.plist.xml; path = Info.plist; sourceTree = "<group>"; };
		ECD46CB61B02448E0014F13B /* LocationListTests.m */ = {isa = PBXFileReference; lastKnownFileType = sourcecode.c.objc; path = LocationListTests.m; sourceTree = "<group>"; };
		ECD46CC31B0249E20014F13B /* LocationDetailVC.h */ = {isa = PBXFileReference; fileEncoding = 4; lastKnownFileType = sourcecode.c.h; path = LocationDetailVC.h; sourceTree = "<group>"; };
		ECD46CC41B0249E20014F13B /* LocationDetailVC.m */ = {isa = PBXFileReference; fileEncoding = 4; lastKnownFileType = sourcecode.c.objc; path = LocationDetailVC.m; sourceTree = "<group>"; };
		ECD46CC61B024AAD0014F13B /* MapKit.framework */ = {isa = PBXFileReference; lastKnownFileType = wrapper.framework; name = MapKit.framework; path = System/Library/Frameworks/MapKit.framework; sourceTree = SDKROOT; };
		ECD46CC81B024AB90014F13B /* CoreLocation.framework */ = {isa = PBXFileReference; lastKnownFileType = wrapper.framework; name = CoreLocation.framework; path = System/Library/Frameworks/CoreLocation.framework; sourceTree = SDKROOT; };
		ECD46CCA1B024BCF0014F13B /* AddLocationVC.h */ = {isa = PBXFileReference; fileEncoding = 4; lastKnownFileType = sourcecode.c.h; path = AddLocationVC.h; sourceTree = "<group>"; };
		ECD46CCB1B024BCF0014F13B /* AddLocationVC.m */ = {isa = PBXFileReference; fileEncoding = 4; lastKnownFileType = sourcecode.c.objc; path = AddLocationVC.m; sourceTree = "<group>"; };
/* End PBXFileReference section */

/* Begin PBXFrameworksBuildPhase section */
		ECD46C911B0244870014F13B /* Frameworks */ = {
			isa = PBXFrameworksBuildPhase;
			buildActionMask = 2147483647;
			files = (
				ECD46CC91B024AB90014F13B /* CoreLocation.framework in Frameworks */,
				ECD46CC71B024AAD0014F13B /* MapKit.framework in Frameworks */,
			);
			runOnlyForDeploymentPostprocessing = 0;
		};
		ECD46CAD1B02448D0014F13B /* Frameworks */ = {
			isa = PBXFrameworksBuildPhase;
			buildActionMask = 2147483647;
			files = (
			);
			runOnlyForDeploymentPostprocessing = 0;
		};
/* End PBXFrameworksBuildPhase section */

/* Begin PBXGroup section */
		ECD46C8B1B0244860014F13B = {
			isa = PBXGroup;
			children = (
				EC214BA31B025C7900E63E41 /* AddLocationDelegate.h */,
				ECD46CC81B024AB90014F13B /* CoreLocation.framework */,
				ECD46CC61B024AAD0014F13B /* MapKit.framework */,
				ECD46CC31B0249E20014F13B /* LocationDetailVC.h */,
				ECD46CC41B0249E20014F13B /* LocationDetailVC.m */,
				ECD46C961B0244870014F13B /* LocationList */,
				ECD46CB31B02448D0014F13B /* LocationListTests */,
				ECD46C951B0244870014F13B /* Products */,
			);
			sourceTree = "<group>";
		};
		ECD46C951B0244870014F13B /* Products */ = {
			isa = PBXGroup;
			children = (
				ECD46C941B0244870014F13B /* LocationList.app */,
				ECD46CB01B02448D0014F13B /* LocationListTests.xctest */,
			);
			name = Products;
			sourceTree = "<group>";
		};
		ECD46C961B0244870014F13B /* LocationList */ = {
			isa = PBXGroup;
			children = (
				ECD46C9B1B0244880014F13B /* AppDelegate.h */,
				ECD46C9C1B0244880014F13B /* AppDelegate.m */,
				ECD46CA11B0244880014F13B /* LocationListVC.h */,
				ECD46CA21B0244880014F13B /* LocationListVC.m */,
				ECD46CA41B0244880014F13B /* Main.storyboard */,
				ECAA054F1B0254740043797D /* Location.h */,
				ECAA05501B0254740043797D /* Location.m */,
				ECD46CCA1B024BCF0014F13B /* AddLocationVC.h */,
				ECD46CCB1B024BCF0014F13B /* AddLocationVC.m */,
				ECD46CA71B0244880014F13B /* Images.xcassets */,
				ECD46CA91B0244880014F13B /* LaunchScreen.xib */,
				ECD46C9E1B0244880014F13B /* LocationList.xcdatamodeld */,
				ECD46C971B0244870014F13B /* Supporting Files */,
			);
			path = LocationList;
			sourceTree = "<group>";
		};
		ECD46C971B0244870014F13B /* Supporting Files */ = {
			isa = PBXGroup;
			children = (
				ECD46C981B0244880014F13B /* Info.plist */,
				ECD46C991B0244880014F13B /* main.m */,
			);
			name = "Supporting Files";
			sourceTree = "<group>";
		};
		ECD46CB31B02448D0014F13B /* LocationListTests */ = {
			isa = PBXGroup;
			children = (
				ECD46CB61B02448E0014F13B /* LocationListTests.m */,
				ECD46CB41B02448D0014F13B /* Supporting Files */,
			);
			path = LocationListTests;
			sourceTree = "<group>";
		};
		ECD46CB41B02448D0014F13B /* Supporting Files */ = {
			isa = PBXGroup;
			children = (
				ECD46CB51B02448D0014F13B /* Info.plist */,
			);
			name = "Supporting Files";
			sourceTree = "<group>";
		};
/* End PBXGroup section */

/* Begin PBXNativeTarget section */
		ECD46C931B0244870014F13B /* LocationList */ = {
			isa = PBXNativeTarget;
			buildConfigurationList = ECD46CBA1B02448E0014F13B /* Build configuration list for PBXNativeTarget "LocationList" */;
			buildPhases = (
				ECD46C901B0244870014F13B /* Sources */,
				ECD46C911B0244870014F13B /* Frameworks */,
				ECD46C921B0244870014F13B /* Resources */,
			);
			buildRules = (
			);
			dependencies = (
			);
			name = LocationList;
			productName = LocationList;
			productReference = ECD46C941B0244870014F13B /* LocationList.app */;
			productType = "com.apple.product-type.application";
		};
		ECD46CAF1B02448D0014F13B /* LocationListTests */ = {
			isa = PBXNativeTarget;
			buildConfigurationList = ECD46CBD1B02448E0014F13B /* Build configuration list for PBXNativeTarget "LocationListTests" */;
			buildPhases = (
				ECD46CAC1B02448D0014F13B /* Sources */,
				ECD46CAD1B02448D0014F13B /* Frameworks */,
				ECD46CAE1B02448D0014F13B /* Resources */,
			);
			buildRules = (
			);
			dependencies = (
				ECD46CB21B02448D0014F13B /* PBXTargetDependency */,
			);
			name = LocationListTests;
			productName = LocationListTests;
			productReference = ECD46CB01B02448D0014F13B /* LocationListTests.xctest */;
			productType = "com.apple.product-type.bundle.unit-test";
		};
/* End PBXNativeTarget section */

/* Begin PBXProject section */
		ECD46C8C1B0244860014F13B /* Project object */ = {
			isa = PBXProject;
			attributes = {
				LastUpgradeCheck = 0610;
				ORGANIZATIONNAME = Nutech;
				TargetAttributes = {
					ECD46C931B0244870014F13B = {
						CreatedOnToolsVersion = 6.1;
					};
					ECD46CAF1B02448D0014F13B = {
						CreatedOnToolsVersion = 6.1;
						TestTargetID = ECD46C931B0244870014F13B;
					};
				};
			};
			buildConfigurationList = ECD46C8F1B0244860014F13B /* Build configuration list for PBXProject "LocationList" */;
			compatibilityVersion = "Xcode 3.2";
			developmentRegion = English;
			hasScannedForEncodings = 0;
			knownRegions = (
				en,
				Base,
			);
			mainGroup = ECD46C8B1B0244860014F13B;
			productRefGroup = ECD46C951B0244870014F13B /* Products */;
			projectDirPath = "";
			projectRoot = "";
			targets = (
				ECD46C931B0244870014F13B /* LocationList */,
				ECD46CAF1B02448D0014F13B /* LocationListTests */,
			);
		};
/* End PBXProject section */

/* Begin PBXResourcesBuildPhase section */
		ECD46C921B0244870014F13B /* Resources */ = {
			isa = PBXResourcesBuildPhase;
			buildActionMask = 2147483647;
			files = (
				ECD46CA61B0244880014F13B /* Main.storyboard in Resources */,
				ECD46CAB1B0244880014F13B /* LaunchScreen.xib in Resources */,
				ECD46CA81B0244880014F13B /* Images.xcassets in Resources */,
			);
			runOnlyForDeploymentPostprocessing = 0;
		};
		ECD46CAE1B02448D0014F13B /* Resources */ = {
			isa = PBXResourcesBuildPhase;
			buildActionMask = 2147483647;
			files = (
			);
			runOnlyForDeploymentPostprocessing = 0;
		};
/* End PBXResourcesBuildPhase section */

/* Begin PBXSourcesBuildPhase section */
		ECD46C901B0244870014F13B /* Sources */ = {
			isa = PBXSourcesBuildPhase;
			buildActionMask = 2147483647;
			files = (
				ECD46CA01B0244880014F13B /* LocationList.xcdatamodeld in Sources */,
				ECAA05511B0254740043797D /* Location.m in Sources */,
				ECD46C9D1B0244880014F13B /* AppDelegate.m in Sources */,
				ECD46CA31B0244880014F13B /* LocationListVC.m in Sources */,
				ECD46CCC1B024BCF0014F13B /* AddLocationVC.m in Sources */,
				ECD46C9A1B0244880014F13B /* main.m in Sources */,
				ECD46CC51B0249E20014F13B /* LocationDetailVC.m in Sources */,
			);
			runOnlyForDeploymentPostprocessing = 0;
		};
		ECD46CAC1B02448D0014F13B /* Sources */ = {
			isa = PBXSourcesBuildPhase;
			buildActionMask = 2147483647;
			files = (
				ECD46CB71B02448E0014F13B /* LocationListTests.m in Sources */,
			);
			runOnlyForDeploymentPostprocessing = 0;
		};
/* End PBXSourcesBuildPhase section */

/* Begin PBXTargetDependency section */
		ECD46CB21B02448D0014F13B /* PBXTargetDependency */ = {
			isa = PBXTargetDependency;
			target = ECD46C931B0244870014F13B /* LocationList */;
			targetProxy = ECD46CB11B02448D0014F13B /* PBXContainerItemProxy */;
		};
/* End PBXTargetDependency section */

/* Begin PBXVariantGroup section */
		ECD46CA41B0244880014F13B /* Main.storyboard */ = {
			isa = PBXVariantGroup;
			children = (
				ECD46CA51B0244880014F13B /* Base */,
			);
			name = Main.storyboard;
			sourceTree = "<group>";
		};
		ECD46CA91B0244880014F13B /* LaunchScreen.xib */ = {
			isa = PBXVariantGroup;
			children = (
				ECD46CAA1B0244880014F13B /* Base */,
			);
			name = LaunchScreen.xib;
			sourceTree = "<group>";
		};
/* End PBXVariantGroup section */

/* Begin XCBuildConfiguration section */
		ECD46CB81B02448E0014F13B /* Debug */ = {
			isa = XCBuildConfiguration;
			buildSettings = {
				ALWAYS_SEARCH_USER_PATHS = NO;
				CLANG_CXX_LANGUAGE_STANDARD = "gnu++0x";
				CLANG_CXX_LIBRARY = "libc++";
				CLANG_ENABLE_MODULES = YES;
				CLANG_ENABLE_OBJC_ARC = YES;
				CLANG_WARN_BOOL_CONVERSION = YES;
				CLANG_WARN_CONSTANT_CONVERSION = YES;
				CLANG_WARN_DIRECT_OBJC_ISA_USAGE = YES_ERROR;
				CLANG_WARN_EMPTY_BODY = YES;
				CLANG_WARN_ENUM_CONVERSION = YES;
				CLANG_WARN_INT_CONVERSION = YES;
				CLANG_WARN_OBJC_ROOT_CLASS = YES_ERROR;
				CLANG_WARN_UNREACHABLE_CODE = YES;
				CLANG_WARN__DUPLICATE_METHOD_MATCH = YES;
				"CODE_SIGN_IDENTITY[sdk=iphoneos*]" = "iPhone Developer";
				COPY_PHASE_STRIP = NO;
				ENABLE_STRICT_OBJC_MSGSEND = YES;
				GCC_C_LANGUAGE_STANDARD = gnu99;
				GCC_DYNAMIC_NO_PIC = NO;
				GCC_OPTIMIZATION_LEVEL = 0;
				GCC_PREPROCESSOR_DEFINITIONS = (
					"DEBUG=1",
					"$(inherited)",
				);
				GCC_SYMBOLS_PRIVATE_EXTERN = NO;
				GCC_WARN_64_TO_32_BIT_CONVERSION = YES;
				GCC_WARN_ABOUT_RETURN_TYPE = YES_ERROR;
				GCC_WARN_UNDECLARED_SELECTOR = YES;
				GCC_WARN_UNINITIALIZED_AUTOS = YES_AGGRESSIVE;
				GCC_WARN_UNUSED_FUNCTION = YES;
				GCC_WARN_UNUSED_VARIABLE = YES;
				IPHONEOS_DEPLOYMENT_TARGET = 8.1;
				MTL_ENABLE_DEBUG_INFO = YES;
				ONLY_ACTIVE_ARCH = YES;
				SDKROOT = iphoneos;
			};
			name = Debug;
		};
		ECD46CB91B02448E0014F13B /* Release */ = {
			isa = XCBuildConfiguration;
			buildSettings = {
				ALWAYS_SEARCH_USER_PATHS = NO;
				CLANG_CXX_LANGUAGE_STANDARD = "gnu++0x";
				CLANG_CXX_LIBRARY = "libc++";
				CLANG_ENABLE_MODULES = YES;
				CLANG_ENABLE_OBJC_ARC = YES;
				CLANG_WARN_BOOL_CONVERSION = YES;
				CLANG_WARN_CONSTANT_CONVERSION = YES;
				CLANG_WARN_DIRECT_OBJC_ISA_USAGE = YES_ERROR;
				CLANG_WARN_EMPTY_BODY = YES;
				CLANG_WARN_ENUM_CONVERSION = YES;
				CLANG_WARN_INT_CONVERSION = YES;
				CLANG_WARN_OBJC_ROOT_CLASS = YES_ERROR;
				CLANG_WARN_UNREACHABLE_CODE = YES;
				CLANG_WARN__DUPLICATE_METHOD_MATCH = YES;
				"CODE_SIGN_IDENTITY[sdk=iphoneos*]" = "iPhone Developer";
				COPY_PHASE_STRIP = YES;
				ENABLE_NS_ASSERTIONS = NO;
				ENABLE_STRICT_OBJC_MSGSEND = YES;
				GCC_C_LANGUAGE_STANDARD = gnu99;
				GCC_WARN_64_TO_32_BIT_CONVERSION = YES;
				GCC_WARN_ABOUT_RETURN_TYPE = YES_ERROR;
				GCC_WARN_UNDECLARED_SELECTOR = YES;
				GCC_WARN_UNINITIALIZED_AUTOS = YES_AGGRESSIVE;
				GCC_WARN_UNUSED_FUNCTION = YES;
				GCC_WARN_UNUSED_VARIABLE = YES;
				IPHONEOS_DEPLOYMENT_TARGET = 8.1;
				MTL_ENABLE_DEBUG_INFO = NO;
				SDKROOT = iphoneos;
				VALIDATE_PRODUCT = YES;
			};
			name = Release;
		};
		ECD46CBB1B02448E0014F13B /* Debug */ = {
			isa = XCBuildConfiguration;
			buildSettings = {
				ASSETCATALOG_COMPILER_APPICON_NAME = AppIcon;
				INFOPLIST_FILE = LocationList/Info.plist;
				LD_RUNPATH_SEARCH_PATHS = "$(inherited) @executable_path/Frameworks";
				PRODUCT_NAME = "$(TARGET_NAME)";
			};
			name = Debug;
		};
		ECD46CBC1B02448E0014F13B /* Release */ = {
			isa = XCBuildConfiguration;
			buildSettings = {
				ASSETCATALOG_COMPILER_APPICON_NAME = AppIcon;
				INFOPLIST_FILE = LocationList/Info.plist;
				LD_RUNPATH_SEARCH_PATHS = "$(inherited) @executable_path/Frameworks";
				PRODUCT_NAME = "$(TARGET_NAME)";
			};
			name = Release;
		};
		ECD46CBE1B02448E0014F13B /* Debug */ = {
			isa = XCBuildConfiguration;
			buildSettings = {
				BUNDLE_LOADER = "$(TEST_HOST)";
				FRAMEWORK_SEARCH_PATHS = (
					"$(SDKROOT)/Developer/Library/Frameworks",
					"$(inherited)",
				);
				GCC_PREPROCESSOR_DEFINITIONS = (
					"DEBUG=1",
					"$(inherited)",
				);
				INFOPLIST_FILE = LocationListTests/Info.plist;
				LD_RUNPATH_SEARCH_PATHS = "$(inherited) @executable_path/Frameworks @loader_path/Frameworks";
				PRODUCT_NAME = "$(TARGET_NAME)";
				TEST_HOST = "$(BUILT_PRODUCTS_DIR)/LocationList.app/LocationList";
			};
			name = Debug;
		};
		ECD46CBF1B02448E0014F13B /* Release */ = {
			isa = XCBuildConfiguration;
			buildSettings = {
				BUNDLE_LOADER = "$(TEST_HOST)";
				FRAMEWORK_SEARCH_PATHS = (
					"$(SDKROOT)/Developer/Library/Frameworks",
					"$(inherited)",
				);
				INFOPLIST_FILE = LocationListTests/Info.plist;
				LD_RUNPATH_SEARCH_PATHS = "$(inherited) @executable_path/Frameworks @loader_path/Frameworks";
				PRODUCT_NAME = "$(TARGET_NAME)";
				TEST_HOST = "$(BUILT_PRODUCTS_DIR)/LocationList.app/LocationList";
			};
			name = Release;
		};
/* End XCBuildConfiguration section */

/* Begin XCConfigurationList section */
		ECD46C8F1B0244860014F13B /* Build configuration list for PBXProject "LocationList" */ = {
			isa = XCConfigurationList;
			buildConfigurations = (
				ECD46CB81B02448E0014F13B /* Debug */,
				ECD46CB91B02448E0014F13B /* Release */,
			);
			defaultConfigurationIsVisible = 0;
			defaultConfigurationName = Release;
		};
		ECD46CBA1B02448E0014F13B /* Build configuration list for PBXNativeTarget "LocationList" */ = {
			isa = XCConfigurationList;
			buildConfigurations = (
				ECD46CBB1B02448E0014F13B /* Debug */,
				ECD46CBC1B02448E0014F13B /* Release */,
			);
			defaultConfigurationIsVisible = 0;
			defaultConfigurationName = Release;
		};
		ECD46CBD1B02448E0014F13B /* Build configuration list for PBXNativeTarget "LocationListTests" */ = {
			isa = XCConfigurationList;
			buildConfigurations = (
				ECD46CBE1B02448E0014F13B /* Debug */,
				ECD46CBF1B02448E0014F13B /* Release */,
			);
			defaultConfigurationIsVisible = 0;
			defaultConfigurationName = Release;
		};
/* End XCConfigurationList section */

/* Begin XCVersionGroup section */
		ECD46C9E1B0244880014F13B /* LocationList.xcdatamodeld */ = {
			isa = XCVersionGroup;
			children = (
				ECD46C9F1B0244880014F13B /* LocationList.xcdatamodel */,
			);
			currentVersion = ECD46C9F1B0244880014F13B /* LocationList.xcdatamodel */;
			path = LocationList.xcdatamodeld;
			sourceTree = "<group>";
			versionGroupType = wrapper.xcdatamodel;
		};
/* End XCVersionGroup section */
	};
	rootObject = ECD46C8C1B0244860014F13B /* Project object */;
}
